
Microsoft Visual Studio Solution File, Format Version 12.00
# Visual Studio Version 17
VisualStudioVersion = 17.4.33205.214
MinimumVisualStudioVersion = 10.0.40219.1
Project("{FAE04EC0-301F-11D3-BF4B-00C04F79EFBC}") = "De01CSharp", "De01CSharp\De01CSharp.csproj", "{415E9126-7F06-4A85-9713-343CFA60F05A}"
EndProject
Global
	GlobalSection(SolutionConfigurationPlatforms) = preSolution
		Debug|Any CPU = Debug|Any CPU
		Release|Any CPU = Release|Any CPU
	EndGlobalSection
	GlobalSection(ProjectConfigurationPlatforms) = postSolution
		{415E9126-7F06-4A85-9713-343CFA60F05A}.Debug|Any CPU.ActiveCfg = Debug|Any CPU
		{415E9126-7F06-4A85-9713-343CFA60F05A}.Debug|Any CPU.Build.0 = Debug|Any CPU
		{415E9126-7F06-4A85-9713-343CFA60F05A}.Release|Any CPU.ActiveCfg = Release|Any CPU
		{415E9126-7F06-4A85-9713-343CFA60F05A}.Release|Any CPU.Build.0 = Release|Any CPU
	EndGlobalSection
	GlobalSection(SolutionProperties) = preSolution
		HideSolutionNode = FALSE
	EndGlobalSection
	GlobalSection(ExtensibilityGlobals) = postSolution
		SolutionGuid = {B3A529CE-3F84-4AAC-979E-928BEB5DEE6F}
	EndGlobalSection
EndGlobal
