
Microsoft Visual Studio Solution File, Format Version 12.00
# Visual Studio Version 17
VisualStudioVersion = 17.4.33205.214
MinimumVisualStudioVersion = 10.0.40219.1
Project("{FAE04EC0-301F-11D3-BF4B-00C04F79EFBC}") = "Vanlthpc07042_Asigment_CSharp", "Vanlthpc07042_Asigment_CSharp\Vanlthpc07042_Asigment_CSharp.csproj", "{7E99C6EE-7D05-4D6D-8E95-A1C4D21880F0}"
EndProject
Global
	GlobalSection(SolutionConfigurationPlatforms) = preSolution
		Debug|Any CPU = Debug|Any CPU
		Release|Any CPU = Release|Any CPU
	EndGlobalSection
	GlobalSection(ProjectConfigurationPlatforms) = postSolution
		{7E99C6EE-7D05-4D6D-8E95-A1C4D21880F0}.Debug|Any CPU.ActiveCfg = Debug|Any CPU
		{7E99C6EE-7D05-4D6D-8E95-A1C4D21880F0}.Debug|Any CPU.Build.0 = Debug|Any CPU
		{7E99C6EE-7D05-4D6D-8E95-A1C4D21880F0}.Release|Any CPU.ActiveCfg = Release|Any CPU
		{7E99C6EE-7D05-4D6D-8E95-A1C4D21880F0}.Release|Any CPU.Build.0 = Release|Any CPU
	EndGlobalSection
	GlobalSection(SolutionProperties) = preSolution
		HideSolutionNode = FALSE
	EndGlobalSection
	GlobalSection(ExtensibilityGlobals) = postSolution
		SolutionGuid = {86BE8F62-2715-49D8-878C-466FEEE1D2BA}
	EndGlobalSection
EndGlobal
