
Microsoft Visual Studio Solution File, Format Version 12.00
# Visual Studio Version 16
VisualStudioVersion = 16.0.33529.622
MinimumVisualStudioVersion = 10.0.40219.1
Project("{FAE04EC0-301F-11D3-BF4B-00C04F79EFBC}") = "Vanlthpc07042_CSharp2_Lab6", "Vanlthpc07042_CSharp2_Lab6\Vanlthpc07042_CSharp2_Lab6.csproj", "{7CE274CE-E7E8-44E3-88EC-E53913AC8951}"
EndProject
Global
	GlobalSection(SolutionConfigurationPlatforms) = preSolution
		Debug|Any CPU = Debug|Any CPU
		Release|Any CPU = Release|Any CPU
	EndGlobalSection
	GlobalSection(ProjectConfigurationPlatforms) = postSolution
		{7CE274CE-E7E8-44E3-88EC-E53913AC8951}.Debug|Any CPU.ActiveCfg = Debug|Any CPU
		{7CE274CE-E7E8-44E3-88EC-E53913AC8951}.Debug|Any CPU.Build.0 = Debug|Any CPU
		{7CE274CE-E7E8-44E3-88EC-E53913AC8951}.Release|Any CPU.ActiveCfg = Release|Any CPU
		{7CE274CE-E7E8-44E3-88EC-E53913AC8951}.Release|Any CPU.Build.0 = Release|Any CPU
	EndGlobalSection
	GlobalSection(SolutionProperties) = preSolution
		HideSolutionNode = FALSE
	EndGlobalSection
	GlobalSection(ExtensibilityGlobals) = postSolution
		SolutionGuid = {661472CB-B4C8-4B15-B6BF-FBCD3F7FE202}
	EndGlobalSection
EndGlobal
