
Microsoft Visual Studio Solution File, Format Version 12.00
# Visual Studio Version 17
VisualStudioVersion = 17.4.33205.214
MinimumVisualStudioVersion = 10.0.40219.1
Project("{FAE04EC0-301F-11D3-BF4B-00C04F79EFBC}") = "Bai1", "Bai1\Bai1.csproj", "{C3E95B4F-3AC1-4736-A037-824469C964B3}"
EndProject
Global
	GlobalSection(SolutionConfigurationPlatforms) = preSolution
		Debug|Any CPU = Debug|Any CPU
		Release|Any CPU = Release|Any CPU
	EndGlobalSection
	GlobalSection(ProjectConfigurationPlatforms) = postSolution
		{C3E95B4F-3AC1-4736-A037-824469C964B3}.Debug|Any CPU.ActiveCfg = Debug|Any CPU
		{C3E95B4F-3AC1-4736-A037-824469C964B3}.Debug|Any CPU.Build.0 = Debug|Any CPU
		{C3E95B4F-3AC1-4736-A037-824469C964B3}.Release|Any CPU.ActiveCfg = Release|Any CPU
		{C3E95B4F-3AC1-4736-A037-824469C964B3}.Release|Any CPU.Build.0 = Release|Any CPU
	EndGlobalSection
	GlobalSection(SolutionProperties) = preSolution
		HideSolutionNode = FALSE
	EndGlobalSection
	GlobalSection(ExtensibilityGlobals) = postSolution
		SolutionGuid = {37BC390C-D97E-4A0E-B9A8-602C08660BAF}
	EndGlobalSection
EndGlobal
