
Microsoft Visual Studio Solution File, Format Version 12.00
# Visual Studio 15
VisualStudioVersion = 15.0.28307.2092
MinimumVisualStudioVersion = 10.0.40219.1
Project("{FAE04EC0-301F-11D3-BF4B-00C04F79EFBC}") = "vanlthpc07042_Lab2_Bai1", "vanlthpc07042_Lab2_Bai1\vanlthpc07042_Lab2_Bai1.csproj", "{6C99CB15-4257-4094-AD09-74294756C648}"
EndProject
Global
	GlobalSection(SolutionConfigurationPlatforms) = preSolution
		Debug|Any CPU = Debug|Any CPU
		Release|Any CPU = Release|Any CPU
	EndGlobalSection
	GlobalSection(ProjectConfigurationPlatforms) = postSolution
		{6C99CB15-4257-4094-AD09-74294756C648}.Debug|Any CPU.ActiveCfg = Debug|Any CPU
		{6C99CB15-4257-4094-AD09-74294756C648}.Debug|Any CPU.Build.0 = Debug|Any CPU
		{6C99CB15-4257-4094-AD09-74294756C648}.Release|Any CPU.ActiveCfg = Release|Any CPU
		{6C99CB15-4257-4094-AD09-74294756C648}.Release|Any CPU.Build.0 = Release|Any CPU
	EndGlobalSection
	GlobalSection(SolutionProperties) = preSolution
		HideSolutionNode = FALSE
	EndGlobalSection
	GlobalSection(ExtensibilityGlobals) = postSolution
		SolutionGuid = {4AA09217-DA53-47B2-A5CF-FE002736A977}
	EndGlobalSection
EndGlobal
