
Microsoft Visual Studio Solution File, Format Version 12.00
# Visual Studio Version 16
VisualStudioVersion = 16.0.33529.622
MinimumVisualStudioVersion = 10.0.40219.1
Project("{FAE04EC0-301F-11D3-BF4B-00C04F79EFBC}") = "Vanlthpc07042_Csharp2_ASM_GD2", "Vanlthpc07042_Csharp2_ASM_GD2\Vanlthpc07042_Csharp2_ASM_GD2.csproj", "{76B69922-37F3-47DE-B26C-30DA17393D80}"
EndProject
Global
	GlobalSection(SolutionConfigurationPlatforms) = preSolution
		Debug|Any CPU = Debug|Any CPU
		Release|Any CPU = Release|Any CPU
	EndGlobalSection
	GlobalSection(ProjectConfigurationPlatforms) = postSolution
		{76B69922-37F3-47DE-B26C-30DA17393D80}.Debug|Any CPU.ActiveCfg = Debug|Any CPU
		{76B69922-37F3-47DE-B26C-30DA17393D80}.Debug|Any CPU.Build.0 = Debug|Any CPU
		{76B69922-37F3-47DE-B26C-30DA17393D80}.Release|Any CPU.ActiveCfg = Release|Any CPU
		{76B69922-37F3-47DE-B26C-30DA17393D80}.Release|Any CPU.Build.0 = Release|Any CPU
	EndGlobalSection
	GlobalSection(SolutionProperties) = preSolution
		HideSolutionNode = FALSE
	EndGlobalSection
	GlobalSection(ExtensibilityGlobals) = postSolution
		SolutionGuid = {1421B684-C16C-4316-B7C5-BB05673D667B}
	EndGlobalSection
EndGlobal
