
Microsoft Visual Studio Solution File, Format Version 12.00
# Visual Studio Version 17
VisualStudioVersion = 17.4.33205.214
MinimumVisualStudioVersion = 10.0.40219.1
Project("{FAE04EC0-301F-11D3-BF4B-00C04F79EFBC}") = "Vanlthpc07042_Lab4_Bai2", "Vanlthpc07042_Lab4_Bai2\Vanlthpc07042_Lab4_Bai2.csproj", "{A3F6D9BD-4654-4948-ACF7-436B658A71FD}"
EndProject
Global
	GlobalSection(SolutionConfigurationPlatforms) = preSolution
		Debug|Any CPU = Debug|Any CPU
		Release|Any CPU = Release|Any CPU
	EndGlobalSection
	GlobalSection(ProjectConfigurationPlatforms) = postSolution
		{A3F6D9BD-4654-4948-ACF7-436B658A71FD}.Debug|Any CPU.ActiveCfg = Debug|Any CPU
		{A3F6D9BD-4654-4948-ACF7-436B658A71FD}.Debug|Any CPU.Build.0 = Debug|Any CPU
		{A3F6D9BD-4654-4948-ACF7-436B658A71FD}.Release|Any CPU.ActiveCfg = Release|Any CPU
		{A3F6D9BD-4654-4948-ACF7-436B658A71FD}.Release|Any CPU.Build.0 = Release|Any CPU
	EndGlobalSection
	GlobalSection(SolutionProperties) = preSolution
		HideSolutionNode = FALSE
	EndGlobalSection
	GlobalSection(ExtensibilityGlobals) = postSolution
		SolutionGuid = {4C47DD63-4528-47DB-AFEF-8879976F625F}
	EndGlobalSection
EndGlobal
