
Microsoft Visual Studio Solution File, Format Version 12.00
# Visual Studio Version 17
VisualStudioVersion = 17.4.33205.214
MinimumVisualStudioVersion = 10.0.40219.1
Project("{FAE04EC0-301F-11D3-BF4B-00C04F79EFBC}") = "vanlthpc07042_Lab3", "vanlthpc07042_Lab3\vanlthpc07042_Lab3.csproj", "{F3A1CC85-467F-435C-B8D4-84966A99C418}"
EndProject
Global
	GlobalSection(SolutionConfigurationPlatforms) = preSolution
		Debug|Any CPU = Debug|Any CPU
		Release|Any CPU = Release|Any CPU
	EndGlobalSection
	GlobalSection(ProjectConfigurationPlatforms) = postSolution
		{F3A1CC85-467F-435C-B8D4-84966A99C418}.Debug|Any CPU.ActiveCfg = Debug|Any CPU
		{F3A1CC85-467F-435C-B8D4-84966A99C418}.Debug|Any CPU.Build.0 = Debug|Any CPU
		{F3A1CC85-467F-435C-B8D4-84966A99C418}.Release|Any CPU.ActiveCfg = Release|Any CPU
		{F3A1CC85-467F-435C-B8D4-84966A99C418}.Release|Any CPU.Build.0 = Release|Any CPU
	EndGlobalSection
	GlobalSection(SolutionProperties) = preSolution
		HideSolutionNode = FALSE
	EndGlobalSection
	GlobalSection(ExtensibilityGlobals) = postSolution
		SolutionGuid = {044D5AFE-0599-4E27-9457-E61519F37039}
	EndGlobalSection
EndGlobal
