
Microsoft Visual Studio Solution File, Format Version 12.00
# Visual Studio 15
VisualStudioVersion = 15.0.28307.2092
MinimumVisualStudioVersion = 10.0.40219.1
Project("{FAE04EC0-301F-11D3-BF4B-00C04F79EFBC}") = "vanlthpc07042_Lab1_Bai2", "vanlthpc07042_Lab1_Bai2\vanlthpc07042_Lab1_Bai2.csproj", "{1FE1BC64-B8D6-4B07-BB48-8DAE91EE7A71}"
EndProject
Global
	GlobalSection(SolutionConfigurationPlatforms) = preSolution
		Debug|Any CPU = Debug|Any CPU
		Release|Any CPU = Release|Any CPU
	EndGlobalSection
	GlobalSection(ProjectConfigurationPlatforms) = postSolution
		{1FE1BC64-B8D6-4B07-BB48-8DAE91EE7A71}.Debug|Any CPU.ActiveCfg = Debug|Any CPU
		{1FE1BC64-B8D6-4B07-BB48-8DAE91EE7A71}.Debug|Any CPU.Build.0 = Debug|Any CPU
		{1FE1BC64-B8D6-4B07-BB48-8DAE91EE7A71}.Release|Any CPU.ActiveCfg = Release|Any CPU
		{1FE1BC64-B8D6-4B07-BB48-8DAE91EE7A71}.Release|Any CPU.Build.0 = Release|Any CPU
	EndGlobalSection
	GlobalSection(SolutionProperties) = preSolution
		HideSolutionNode = FALSE
	EndGlobalSection
	GlobalSection(ExtensibilityGlobals) = postSolution
		SolutionGuid = {6B5F73F1-CD7D-4C3A-AB23-876B899D6C34}
	EndGlobalSection
EndGlobal
